lockfileVersion: '9.0'

settings:
  autoInstallPeers: false
  excludeLinksFromLockfile: false

importers:

  .:
    devDependencies:
      '@preset.nz/facets':
        specifier: ^0.1.0
        version: 0.1.0
      '@tauri-apps/api':
        specifier: ^2.11.1
        version: 2.11.1
      '@types/react':
        specifier: ^19
        version: 19.3.0
      typescript:
        specifier: ^5.8.3
        version: 5.9.3

packages:

  '@preset.nz/facets@0.1.0':
    resolution: {integrity: sha512-MDm9eFC1AC3GjS/+FgaM0KH44DdTwN1NsS5vylL2N/D1fuVE6mcMtJBLKkoigIasfcnNiQIPYypiMlb+dGEvlQ==}
    peerDependencies:
      react: ^19

  '@tauri-apps/api@2.11.1':
    resolution: {integrity: sha512-M2FPuYND2m+wh5hfW9ZpSdxMPdEJovPBWwoHJmwUpysTYNHaOkVFN419m/K0LIgjb/7KU2vBgsUepJWugQCvAA==}

  '@types/react@19.3.0':
    resolution: {integrity: sha512-N0rFCuH9YoxG9/m61l9MfpJKfmLOVU0em7ipIz6TRgSSkvReLB9vL85GB+yr8Bs5leqpvg96JSwF4ZS1s4viQg==}

  csstype@3.2.3:
    resolution: {integrity: sha512-z1HGKcYy2xA8AGQfwrn0PAy+PB7X/GSj3UVJW9qKyn43xWa+gl5nXmU4qqLMRzWVLFC8KusUX8T/0kCiOYpAIQ==}

  typescript@5.9.3:
    resolution: {integrity: sha512-jl1vZzPDinLr9eUt3J/t7V6FgNEw9QjvBPdysz9KfQDD41fQrC2Y4vKQdiaUpFT4bXlb1RHhLpp8wtm6M5TgSw==}
    engines: {node: '>=14.17'}
    hasBin: true

snapshots:

  '@preset.nz/facets@0.1.0': {}

  '@tauri-apps/api@2.11.1': {}

  '@types/react@19.3.0':
    dependencies:
      csstype: 3.2.3

  csstype@3.2.3: {}

  typescript@5.9.3: {}
